
Microsoft Visual Studio Solution File, Format Version 12.00
# Visual Studio Version 16
VisualStudioVersion = 16.0.30907.101
MinimumVisualStudioVersion = 10.0.40219.1
Project("{FAE04EC0-301F-11D3-BF4B-00C04F79EFBC}") = "ShopNav.Android", "ShopNav.Android\ShopNav.Android.csproj", "{647FBC1C-1347-47E1-A51C-4F24B55296D4}"
EndProject
Project("{FAE04EC0-301F-11D3-BF4B-00C04F79EFBC}") = "ShopNav.iOS", "ShopNav.iOS\ShopNav.iOS.csproj", "{8562D187-4450-4536-A8D0-05400EF20BCE}"
EndProject
Project("{FAE04EC0-301F-11D3-BF4B-00C04F79EFBC}") = "ShopNav", "ShopNav\ShopNav.csproj", "{F29844A2-824A-442C-8334-B7BEE9A9FAE9}"
EndProject
Global
	GlobalSection(SolutionConfigurationPlatforms) = preSolution
		Debug|Any CPU = Debug|Any CPU
		Debug|iPhone = Debug|iPhone
		Debug|iPhoneSimulator = Debug|iPhoneSimulator
		Release|Any CPU = Release|Any CPU
		Release|iPhone = Release|iPhone
		Release|iPhoneSimulator = Release|iPhoneSimulator
	EndGlobalSection
	GlobalSection(ProjectConfigurationPlatforms) = postSolution
		{647FBC1C-1347-47E1-A51C-4F24B55296D4}.Debug|Any CPU.ActiveCfg = Debug|Any CPU
		{647FBC1C-1347-47E1-A51C-4F24B55296D4}.Debug|Any CPU.Build.0 = Debug|Any CPU
		{647FBC1C-1347-47E1-A51C-4F24B55296D4}.Debug|Any CPU.Deploy.0 = Debug|Any CPU
		{647FBC1C-1347-47E1-A51C-4F24B55296D4}.Debug|iPhone.ActiveCfg = Debug|Any CPU
		{647FBC1C-1347-47E1-A51C-4F24B55296D4}.Debug|iPhone.Build.0 = Debug|Any CPU
		{647FBC1C-1347-47E1-A51C-4F24B55296D4}.Debug|iPhone.Deploy.0 = Debug|Any CPU
		{647FBC1C-1347-47E1-A51C-4F24B55296D4}.Debug|iPhoneSimulator.ActiveCfg = Debug|Any CPU
		{647FBC1C-1347-47E1-A51C-4F24B55296D4}.Debug|iPhoneSimulator.Build.0 = Debug|Any CPU
		{647FBC1C-1347-47E1-A51C-4F24B55296D4}.Debug|iPhoneSimulator.Deploy.0 = Debug|Any CPU
		{647FBC1C-1347-47E1-A51C-4F24B55296D4}.Release|Any CPU.ActiveCfg = Release|Any CPU
		{647FBC1C-1347-47E1-A51C-4F24B55296D4}.Release|Any CPU.Build.0 = Release|Any CPU
		{647FBC1C-1347-47E1-A51C-4F24B55296D4}.Release|Any CPU.Deploy.0 = Release|Any CPU
		{647FBC1C-1347-47E1-A51C-4F24B55296D4}.Release|iPhone.ActiveCfg = Release|Any CPU
		{647FBC1C-1347-47E1-A51C-4F24B55296D4}.Release|iPhone.Build.0 = Release|Any CPU
		{647FBC1C-1347-47E1-A51C-4F24B55296D4}.Release|iPhone.Deploy.0 = Release|Any CPU
		{647FBC1C-1347-47E1-A51C-4F24B55296D4}.Release|iPhoneSimulator.ActiveCfg = Release|Any CPU
		{647FBC1C-1347-47E1-A51C-4F24B55296D4}.Release|iPhoneSimulator.Build.0 = Release|Any CPU
		{647FBC1C-1347-47E1-A51C-4F24B55296D4}.Release|iPhoneSimulator.Deploy.0 = Release|Any CPU
		{8562D187-4450-4536-A8D0-05400EF20BCE}.Debug|Any CPU.ActiveCfg = Debug|iPhone
		{8562D187-4450-4536-A8D0-05400EF20BCE}.Debug|Any CPU.Build.0 = Debug|iPhone
		{8562D187-4450-4536-A8D0-05400EF20BCE}.Debug|Any CPU.Deploy.0 = Debug|iPhone
		{8562D187-4450-4536-A8D0-05400EF20BCE}.Debug|iPhone.ActiveCfg = Debug|iPhone
		{8562D187-4450-4536-A8D0-05400EF20BCE}.Debug|iPhone.Build.0 = Debug|iPhone
		{8562D187-4450-4536-A8D0-05400EF20BCE}.Debug|iPhone.Deploy.0 = Debug|iPhone
		{8562D187-4450-4536-A8D0-05400EF20BCE}.Debug|iPhoneSimulator.ActiveCfg = Debug|iPhoneSimulator
		{8562D187-4450-4536-A8D0-05400EF20BCE}.Debug|iPhoneSimulator.Build.0 = Debug|iPhoneSimulator
		{8562D187-4450-4536-A8D0-05400EF20BCE}.Debug|iPhoneSimulator.Deploy.0 = Debug|iPhoneSimulator
		{8562D187-4450-4536-A8D0-05400EF20BCE}.Release|Any CPU.ActiveCfg = Release|iPhoneSimulator
		{8562D187-4450-4536-A8D0-05400EF20BCE}.Release|Any CPU.Build.0 = Release|iPhoneSimulator
		{8562D187-4450-4536-A8D0-05400EF20BCE}.Release|Any CPU.Deploy.0 = Release|iPhoneSimulator
		{8562D187-4450-4536-A8D0-05400EF20BCE}.Release|iPhone.ActiveCfg = Release|iPhone
		{8562D187-4450-4536-A8D0-05400EF20BCE}.Release|iPhone.Build.0 = Release|iPhone
		{8562D187-4450-4536-A8D0-05400EF20BCE}.Release|iPhone.Deploy.0 = Release|iPhone
		{8562D187-4450-4536-A8D0-05400EF20BCE}.Release|iPhoneSimulator.ActiveCfg = Release|iPhoneSimulator
		{8562D187-4450-4536-A8D0-05400EF20BCE}.Release|iPhoneSimulator.Build.0 = Release|iPhoneSimulator
		{8562D187-4450-4536-A8D0-05400EF20BCE}.Release|iPhoneSimulator.Deploy.0 = Release|iPhoneSimulator
		{F29844A2-824A-442C-8334-B7BEE9A9FAE9}.Debug|Any CPU.ActiveCfg = Debug|Any CPU
		{F29844A2-824A-442C-8334-B7BEE9A9FAE9}.Debug|Any CPU.Build.0 = Debug|Any CPU
		{F29844A2-824A-442C-8334-B7BEE9A9FAE9}.Debug|Any CPU.Deploy.0 = Debug|Any CPU
		{F29844A2-824A-442C-8334-B7BEE9A9FAE9}.Debug|iPhone.ActiveCfg = Debug|Any CPU
		{F29844A2-824A-442C-8334-B7BEE9A9FAE9}.Debug|iPhone.Build.0 = Debug|Any CPU
		{F29844A2-824A-442C-8334-B7BEE9A9FAE9}.Debug|iPhone.Deploy.0 = Debug|Any CPU
		{F29844A2-824A-442C-8334-B7BEE9A9FAE9}.Debug|iPhoneSimulator.ActiveCfg = Debug|Any CPU
		{F29844A2-824A-442C-8334-B7BEE9A9FAE9}.Debug|iPhoneSimulator.Build.0 = Debug|Any CPU
		{F29844A2-824A-442C-8334-B7BEE9A9FAE9}.Debug|iPhoneSimulator.Deploy.0 = Debug|Any CPU
		{F29844A2-824A-442C-8334-B7BEE9A9FAE9}.Release|Any CPU.ActiveCfg = Release|Any CPU
		{F29844A2-824A-442C-8334-B7BEE9A9FAE9}.Release|Any CPU.Build.0 = Release|Any CPU
		{F29844A2-824A-442C-8334-B7BEE9A9FAE9}.Release|Any CPU.Deploy.0 = Release|Any CPU
		{F29844A2-824A-442C-8334-B7BEE9A9FAE9}.Release|iPhone.ActiveCfg = Release|Any CPU
		{F29844A2-824A-442C-8334-B7BEE9A9FAE9}.Release|iPhone.Build.0 = Release|Any CPU
		{F29844A2-824A-442C-8334-B7BEE9A9FAE9}.Release|iPhone.Deploy.0 = Release|Any CPU
		{F29844A2-824A-442C-8334-B7BEE9A9FAE9}.Release|iPhoneSimulator.ActiveCfg = Release|Any CPU
		{F29844A2-824A-442C-8334-B7BEE9A9FAE9}.Release|iPhoneSimulator.Build.0 = Release|Any CPU
		{F29844A2-824A-442C-8334-B7BEE9A9FAE9}.Release|iPhoneSimulator.Deploy.0 = Release|Any CPU
	EndGlobalSection
	GlobalSection(SolutionProperties) = preSolution
		HideSolutionNode = FALSE
	EndGlobalSection
	GlobalSection(ExtensibilityGlobals) = postSolution
		SolutionGuid = {6E3E25D3-00C5-41C5-AD0A-D244FF4B5439}
	EndGlobalSection
EndGlobal
